github.com/creachadair/jrpc2 v0.44.0 h1:O7H8XMliOemo2u598dN7Knld8K3TZgOnY9Mm0IIqt28=
github.com/creachadair/jrpc2 v0.44.0/go.mod h1:mVyD3HybrKVaZqFNRVGZGWH9Gd1OXtnmfqZT7T1oLQw=
github.com/fortytw2/leaktest v1.3.0 h1:u8491cBMTQ8ft8aeV+adlcytMZylmA5nnwwkRZjI8vw=
github.com/fortytw2/leaktest v1.3.0/go.mod h1:jDsjWgpAGjm2CA7WthBh/CdZYEPF31XHquHwclZch5g=
github.com/google/go-cmp v0.5.9 h1:O2Tfq5qg4qc4AmwVlvv0oLiVAGB7enBSJ2x2DqQFi38=
github.com/google/go-cmp v0.5.9/go.mod h1:17dUlkBOakJ0+DkrSSNjCkIjxS6bF9zb3elmeNGIjoY=
github.com/josa42/go-ls v0.1.0 h1:9McWDGz7qQBby5bPNKn7k6RnhH+sFRaY3/l4WBkXkOA=
github.com/josa42/go-ls v0.1.0/go.mod h1:tZ7Q2Bn/6yCXiib3nMtGJM1+wgooVKZZmqLDdw+3Gog=
github.com/webview/webview v0.0.0-20230210061304-7b40e46d97e9 h1:SPyWnfToUom3xNh3dKGkq1ZV7pw+VSWDcfVrUM1nRWs=
github.com/webview/webview v0.0.0-20230210061304-7b40e46d97e9/go.mod h1:rpXAuuHgyEJb6kXcXldlkOjU6y4x+YcASKKXJNUhh0Y=
github.com/yuin/goldmark v1.5.4 h1:2uY/xC0roWy8IBEGLgB1ywIoEJFGmRrX21YQcvGZzjU=
github.com/yuin/goldmark v1.5.4/go.mod h1:6yULJ656Px+3vBD8DxQVa3kxgyrAnzto9xy5taEt/CY=
golang.org/x/sync v0.1.0 h1:wsuoTGHzEhffawBOhz5CYhcrV4IdKZbEyZjBMuTp12o=
golang.org/x/sync v0.1.0/go.mod h1:RxMgew5VJxzue5/jJTE5uejpjVlOe/izrB70Jof72aM=
